
Microsoft Visual Studio Solution File, Format Version 12.00
# Visual Studio 14
VisualStudioVersion = 14.0.25420.1
MinimumVisualStudioVersion = 10.0.40219.1
Project("{FAE04EC0-301F-11D3-BF4B-00C04F79EFBC}") = "Hua Hong_CPRG200_Lab4", "Hua Hong_CPRG200_Lab4\Hua Hong_CPRG200_Lab4.csproj", "{438C7933-101A-4749-B2D4-83BD710CCCDD}"
EndProject
Global
	GlobalSection(SolutionConfigurationPlatforms) = preSolution
		Debug|Any CPU = Debug|Any CPU
		Release|Any CPU = Release|Any CPU
	EndGlobalSection
	GlobalSection(ProjectConfigurationPlatforms) = postSolution
		{438C7933-101A-4749-B2D4-83BD710CCCDD}.Debug|Any CPU.ActiveCfg = Debug|Any CPU
		{438C7933-101A-4749-B2D4-83BD710CCCDD}.Debug|Any CPU.Build.0 = Debug|Any CPU
		{438C7933-101A-4749-B2D4-83BD710CCCDD}.Release|Any CPU.ActiveCfg = Release|Any CPU
		{438C7933-101A-4749-B2D4-83BD710CCCDD}.Release|Any CPU.Build.0 = Release|Any CPU
	EndGlobalSection
	GlobalSection(SolutionProperties) = preSolution
		HideSolutionNode = FALSE
	EndGlobalSection
EndGlobal
